
Microsoft Visual Studio Solution File, Format Version 12.00
# Visual Studio 15
Project("{FAE04EC0-301F-11D3-BF4B-00C04F79EFBC}") = "GE2018-Assignment", "GE2018-Assignment.csproj", "{9E88091A-EE77-A4A6-4CDC-5C7F3A056068}"
EndProject
Global
	GlobalSection(SolutionConfigurationPlatforms) = preSolution
		Debug|Any CPU = Debug|Any CPU
		Release|Any CPU = Release|Any CPU
	EndGlobalSection
	GlobalSection(ProjectConfigurationPlatforms) = postSolution
		{9E88091A-EE77-A4A6-4CDC-5C7F3A056068}.Debug|Any CPU.ActiveCfg = Debug|Any CPU
		{9E88091A-EE77-A4A6-4CDC-5C7F3A056068}.Debug|Any CPU.Build.0 = Debug|Any CPU
		{9E88091A-EE77-A4A6-4CDC-5C7F3A056068}.Release|Any CPU.ActiveCfg = Release|Any CPU
		{9E88091A-EE77-A4A6-4CDC-5C7F3A056068}.Release|Any CPU.Build.0 = Release|Any CPU
	EndGlobalSection
	GlobalSection(SolutionProperties) = preSolution
		HideSolutionNode = FALSE
	EndGlobalSection
EndGlobal
